
Microsoft Visual Studio Solution File, Format Version 12.00
# Visual Studio Version 16
VisualStudioVersion = 16.0.30907.101
MinimumVisualStudioVersion = 10.0.40219.1
Project("{888888A0-9F3D-457C-B088-3A5042F75D52}") = "new assignment", "new assignment\new assignment.pyproj", "{58419A64-96C7-417A-9731-6D2C353CC8B6}"
EndProject
Global
	GlobalSection(SolutionConfigurationPlatforms) = preSolution
		Debug|Any CPU = Debug|Any CPU
		Release|Any CPU = Release|Any CPU
	EndGlobalSection
	GlobalSection(ProjectConfigurationPlatforms) = postSolution
		{58419A64-96C7-417A-9731-6D2C353CC8B6}.Debug|Any CPU.ActiveCfg = Debug|Any CPU
		{58419A64-96C7-417A-9731-6D2C353CC8B6}.Release|Any CPU.ActiveCfg = Release|Any CPU
	EndGlobalSection
	GlobalSection(SolutionProperties) = preSolution
		HideSolutionNode = FALSE
	EndGlobalSection
	GlobalSection(ExtensibilityGlobals) = postSolution
		SolutionGuid = {10ECBB11-AADD-4270-A74B-BD85657D957F}
	EndGlobalSection
EndGlobal
